
Microsoft Visual Studio Solution File, Format Version 12.00
# Visual Studio 2012
Project("{FAE04EC0-301F-11D3-BF4B-00C04F79EFBC}") = "WhackABoss", "P1_1\P1_1\WhackABoss.csproj", "{E39B9EA3-57CD-43AB-9191-21CCFB907C29}"
EndProject
Project("{FAE04EC0-301F-11D3-BF4B-00C04F79EFBC}") = "P1_1Content", "P1_1\P1_1Content\P1_1Content.contentproj", "{D63D2C36-E494-4C13-9B5B-771ACE358E43}"
EndProject
Global
	GlobalSection(SolutionConfigurationPlatforms) = preSolution
		Debug|x86 = Debug|x86
		Release|x86 = Release|x86
	EndGlobalSection
	GlobalSection(ProjectConfigurationPlatforms) = postSolution
		{E39B9EA3-57CD-43AB-9191-21CCFB907C29}.Debug|x86.ActiveCfg = Debug|x86
		{E39B9EA3-57CD-43AB-9191-21CCFB907C29}.Debug|x86.Build.0 = Debug|x86
		{E39B9EA3-57CD-43AB-9191-21CCFB907C29}.Release|x86.ActiveCfg = Release|x86
		{E39B9EA3-57CD-43AB-9191-21CCFB907C29}.Release|x86.Build.0 = Release|x86
		{D63D2C36-E494-4C13-9B5B-771ACE358E43}.Debug|x86.ActiveCfg = Debug|x86
		{D63D2C36-E494-4C13-9B5B-771ACE358E43}.Release|x86.ActiveCfg = Release|x86
	EndGlobalSection
	GlobalSection(SolutionProperties) = preSolution
		HideSolutionNode = FALSE
	EndGlobalSection
EndGlobal
